
Microsoft Visual Studio Solution File, Format Version 12.00
# Visual Studio 2015
Project("{FAE04EC0-301F-11D3-BF4B-00C04F79EFBC}") = "bgscrolling.CSharp", "bgscrolling.CSharp.csproj", "{542968C4-C08D-E7F1-7032-15B9CFDA2898}"
EndProject
Global
	GlobalSection(SolutionConfigurationPlatforms) = preSolution
		Debug|Any CPU = Debug|Any CPU
		Release|Any CPU = Release|Any CPU
	EndGlobalSection
	GlobalSection(ProjectConfigurationPlatforms) = postSolution
		{542968C4-C08D-E7F1-7032-15B9CFDA2898}.Debug|Any CPU.ActiveCfg = Debug|Any CPU
		{542968C4-C08D-E7F1-7032-15B9CFDA2898}.Debug|Any CPU.Build.0 = Debug|Any CPU
		{542968C4-C08D-E7F1-7032-15B9CFDA2898}.Release|Any CPU.ActiveCfg = Release|Any CPU
		{542968C4-C08D-E7F1-7032-15B9CFDA2898}.Release|Any CPU.Build.0 = Release|Any CPU
	EndGlobalSection
	GlobalSection(SolutionProperties) = preSolution
		HideSolutionNode = FALSE
	EndGlobalSection
EndGlobal
