
Microsoft Visual Studio Solution File, Format Version 12.00
# Visual Studio 2015
Project("{FAE04EC0-301F-11D3-BF4B-00C04F79EFBC}") = "platformsidesidescroller.CSharp", "platformsidesidescroller.CSharp.csproj", "{D6F1E1EE-887D-B1FC-0C8A-0615078E7576}"
EndProject
Global
	GlobalSection(SolutionConfigurationPlatforms) = preSolution
		Debug|Any CPU = Debug|Any CPU
		Release|Any CPU = Release|Any CPU
	EndGlobalSection
	GlobalSection(ProjectConfigurationPlatforms) = postSolution
		{D6F1E1EE-887D-B1FC-0C8A-0615078E7576}.Debug|Any CPU.ActiveCfg = Debug|Any CPU
		{D6F1E1EE-887D-B1FC-0C8A-0615078E7576}.Debug|Any CPU.Build.0 = Debug|Any CPU
		{D6F1E1EE-887D-B1FC-0C8A-0615078E7576}.Release|Any CPU.ActiveCfg = Release|Any CPU
		{D6F1E1EE-887D-B1FC-0C8A-0615078E7576}.Release|Any CPU.Build.0 = Release|Any CPU
	EndGlobalSection
	GlobalSection(SolutionProperties) = preSolution
		HideSolutionNode = FALSE
	EndGlobalSection
EndGlobal
